
Microsoft Visual Studio Solution File, Format Version 12.00
# Visual Studio Version 17
VisualStudioVersion = 17.5.33414.496
MinimumVisualStudioVersion = 10.0.40219.1
Project("{FAE04EC0-301F-11D3-BF4B-00C04F79EFBC}") = "LabTask15", "LabTask15.csproj", "{1D9F4440-780A-43DC-89F2-4042E5A7AEA5}"
EndProject
Global
	GlobalSection(SolutionConfigurationPlatforms) = preSolution
		Debug|Any CPU = Debug|Any CPU
		Release|Any CPU = Release|Any CPU
	EndGlobalSection
	GlobalSection(ProjectConfigurationPlatforms) = postSolution
		{1D9F4440-780A-43DC-89F2-4042E5A7AEA5}.Debug|Any CPU.ActiveCfg = Debug|Any CPU
		{1D9F4440-780A-43DC-89F2-4042E5A7AEA5}.Debug|Any CPU.Build.0 = Debug|Any CPU
		{1D9F4440-780A-43DC-89F2-4042E5A7AEA5}.Release|Any CPU.ActiveCfg = Release|Any CPU
		{1D9F4440-780A-43DC-89F2-4042E5A7AEA5}.Release|Any CPU.Build.0 = Release|Any CPU
	EndGlobalSection
	GlobalSection(SolutionProperties) = preSolution
		HideSolutionNode = FALSE
	EndGlobalSection
	GlobalSection(ExtensibilityGlobals) = postSolution
		SolutionGuid = {80696631-74CF-4F30-9A7F-BCEC103304C7}
	EndGlobalSection
EndGlobal
